
Microsoft Visual Studio Solution File, Format Version 12.00
# Visual Studio Version 17
VisualStudioVersion = 17.9.34728.123
MinimumVisualStudioVersion = 10.0.40219.1
Project("{FAE04EC0-301F-11D3-BF4B-00C04F79EFBC}") = "WindowsPasswordLockerByTime", "WindowsPasswordLockerByTime\WindowsPasswordLockerByTime.csproj", "{AA47FCBE-69B0-4356-A3E8-759A4F2CEAE4}"
EndProject
Project("{FAE04EC0-301F-11D3-BF4B-00C04F79EFBC}") = "WLockerService", "LockServiceo\WLockerService.csproj", "{16DB4B7E-94B1-4787-A7ED-BEC177876CE7}"
EndProject
Project("{FAE04EC0-301F-11D3-BF4B-00C04F79EFBC}") = "UTIL", "UTIL\UTIL.csproj", "{E8F2A061-D9FA-488A-8798-B72D1EECA843}"
EndProject
Global
	GlobalSection(SolutionConfigurationPlatforms) = preSolution
		Debug|Any CPU = Debug|Any CPU
		Release|Any CPU = Release|Any CPU
	EndGlobalSection
	GlobalSection(ProjectConfigurationPlatforms) = postSolution
		{AA47FCBE-69B0-4356-A3E8-759A4F2CEAE4}.Debug|Any CPU.ActiveCfg = Debug|Any CPU
		{AA47FCBE-69B0-4356-A3E8-759A4F2CEAE4}.Debug|Any CPU.Build.0 = Debug|Any CPU
		{AA47FCBE-69B0-4356-A3E8-759A4F2CEAE4}.Release|Any CPU.ActiveCfg = Release|Any CPU
		{AA47FCBE-69B0-4356-A3E8-759A4F2CEAE4}.Release|Any CPU.Build.0 = Release|Any CPU
		{16DB4B7E-94B1-4787-A7ED-BEC177876CE7}.Debug|Any CPU.ActiveCfg = Debug|Any CPU
		{16DB4B7E-94B1-4787-A7ED-BEC177876CE7}.Debug|Any CPU.Build.0 = Debug|Any CPU
		{16DB4B7E-94B1-4787-A7ED-BEC177876CE7}.Release|Any CPU.ActiveCfg = Release|Any CPU
		{16DB4B7E-94B1-4787-A7ED-BEC177876CE7}.Release|Any CPU.Build.0 = Release|Any CPU
		{E8F2A061-D9FA-488A-8798-B72D1EECA843}.Debug|Any CPU.ActiveCfg = Debug|Any CPU
		{E8F2A061-D9FA-488A-8798-B72D1EECA843}.Debug|Any CPU.Build.0 = Debug|Any CPU
		{E8F2A061-D9FA-488A-8798-B72D1EECA843}.Release|Any CPU.ActiveCfg = Release|Any CPU
		{E8F2A061-D9FA-488A-8798-B72D1EECA843}.Release|Any CPU.Build.0 = Release|Any CPU
	EndGlobalSection
	GlobalSection(SolutionProperties) = preSolution
		HideSolutionNode = FALSE
	EndGlobalSection
	GlobalSection(ExtensibilityGlobals) = postSolution
		SolutionGuid = {639F24C9-8A66-41D4-A0E8-83E66E5A8112}
	EndGlobalSection
EndGlobal
